<Solution>
  <Folder Name="/Services/" />
  <Folder Name="/Services/Catalog/">
    <Project Path="Services/Catalog/Catalog.API/Catalog.API.csproj" Id="87f8a89c-dd46-4348-9d53-596ca27c57cb" />
    <Project Path="Services/Catalog/Catalog.Application/Catalog.Application.csproj" Id="604b774e-b0d2-4119-8cfd-dcb6da5a9299" />
    <Project Path="Services/Catalog/Catalog.Core/Catalog.Core.csproj" Id="2b34a38c-0aba-4cb5-9f8d-0ab259305e4d" />
    <Project Path="Services/Catalog/Catalog.Infrastructure/Catalog.Infrastructure.csproj" Id="af57b160-9359-4e54-93bb-22da68749001" />
  </Folder>
  <Folder Name="/Services/Discount/">
    <Project Path="Services/Discount/Discount.API/Discount.API.csproj" Id="8a572af5-0ac2-44c1-8805-539abb8f7e44" />
    <Project Path="Services/Discount/Discount.Application/Discount.Application.csproj" Id="753ffbee-2099-45fc-98e2-4d67cca294c3" />
    <Project Path="Services/Discount/Discount.Core/Discount.Core.csproj" Id="78b61e91-4b71-4bee-8035-c51e8fbfbf0f" />
    <Project Path="Services/Discount/Discount.Infrastructure/Discount.Infrastructure.csproj" Id="4fddcc1b-c4fb-41f7-9ed8-4c44950cca06" />
  </Folder>
  <Folder Name="/Services/Ordering/">
    <Project Path="Services/Ordering/Ordering.API/Ordering.API.csproj" Id="fd480da3-f8ff-4fd6-a5b2-f6360baca601" />
    <Project Path="Services/Ordering/Ordering.Application/Ordering.Application.csproj" Id="72d85146-22e5-4421-8fdb-1c58f7edee6a" />
    <Project Path="Services/Ordering/Ordering.Core/Ordering.Core.csproj" Id="c5204863-6657-4061-8eac-6521d20615c6" />
    <Project Path="Services/Ordering/Ordering.Infrastructure/Ordering.Infrastructure.csproj" Id="10ccc956-bee7-4511-b015-7ce408498ec3" />
  </Folder>
</Solution>
